
Microsoft Visual Studio Solution File, Format Version 12.00
# Visual Studio Version 16
VisualStudioVersion = 16.0.30114.105
MinimumVisualStudioVersion = 10.0.40219.1
Project("{FAE04EC0-301F-11D3-BF4B-00C04F79EFBC}") = "CedTruck", "src\CedTruck.csproj", "{63E85B11-68D5-47DF-B762-E311EEA691D9}"
EndProject
Project("{FAE04EC0-301F-11D3-BF4B-00C04F79EFBC}") = "XUnit.CedTruck.Tests", "XUnit.CedTruck.Tests\XUnit.CedTruck.Tests.csproj", "{362FC3AF-54CB-4577-B0E4-B13F86E97407}"
EndProject
Global
	GlobalSection(SolutionConfigurationPlatforms) = preSolution
		Debug|Any CPU = Debug|Any CPU
		Debug|x64 = Debug|x64
		Debug|x86 = Debug|x86
		Release|Any CPU = Release|Any CPU
		Release|x64 = Release|x64
		Release|x86 = Release|x86
	EndGlobalSection
	GlobalSection(SolutionProperties) = preSolution
		HideSolutionNode = FALSE
	EndGlobalSection
	GlobalSection(ProjectConfigurationPlatforms) = postSolution
		{63E85B11-68D5-47DF-B762-E311EEA691D9}.Debug|Any CPU.ActiveCfg = Debug|Any CPU
		{63E85B11-68D5-47DF-B762-E311EEA691D9}.Debug|Any CPU.Build.0 = Debug|Any CPU
		{63E85B11-68D5-47DF-B762-E311EEA691D9}.Debug|x64.ActiveCfg = Debug|Any CPU
		{63E85B11-68D5-47DF-B762-E311EEA691D9}.Debug|x64.Build.0 = Debug|Any CPU
		{63E85B11-68D5-47DF-B762-E311EEA691D9}.Debug|x86.ActiveCfg = Debug|Any CPU
		{63E85B11-68D5-47DF-B762-E311EEA691D9}.Debug|x86.Build.0 = Debug|Any CPU
		{63E85B11-68D5-47DF-B762-E311EEA691D9}.Release|Any CPU.ActiveCfg = Release|Any CPU
		{63E85B11-68D5-47DF-B762-E311EEA691D9}.Release|Any CPU.Build.0 = Release|Any CPU
		{63E85B11-68D5-47DF-B762-E311EEA691D9}.Release|x64.ActiveCfg = Release|Any CPU
		{63E85B11-68D5-47DF-B762-E311EEA691D9}.Release|x64.Build.0 = Release|Any CPU
		{63E85B11-68D5-47DF-B762-E311EEA691D9}.Release|x86.ActiveCfg = Release|Any CPU
		{63E85B11-68D5-47DF-B762-E311EEA691D9}.Release|x86.Build.0 = Release|Any CPU
		{362FC3AF-54CB-4577-B0E4-B13F86E97407}.Debug|Any CPU.ActiveCfg = Debug|Any CPU
		{362FC3AF-54CB-4577-B0E4-B13F86E97407}.Debug|Any CPU.Build.0 = Debug|Any CPU
		{362FC3AF-54CB-4577-B0E4-B13F86E97407}.Debug|x64.ActiveCfg = Debug|Any CPU
		{362FC3AF-54CB-4577-B0E4-B13F86E97407}.Debug|x64.Build.0 = Debug|Any CPU
		{362FC3AF-54CB-4577-B0E4-B13F86E97407}.Debug|x86.ActiveCfg = Debug|Any CPU
		{362FC3AF-54CB-4577-B0E4-B13F86E97407}.Debug|x86.Build.0 = Debug|Any CPU
		{362FC3AF-54CB-4577-B0E4-B13F86E97407}.Release|Any CPU.ActiveCfg = Release|Any CPU
		{362FC3AF-54CB-4577-B0E4-B13F86E97407}.Release|Any CPU.Build.0 = Release|Any CPU
		{362FC3AF-54CB-4577-B0E4-B13F86E97407}.Release|x64.ActiveCfg = Release|Any CPU
		{362FC3AF-54CB-4577-B0E4-B13F86E97407}.Release|x64.Build.0 = Release|Any CPU
		{362FC3AF-54CB-4577-B0E4-B13F86E97407}.Release|x86.ActiveCfg = Release|Any CPU
		{362FC3AF-54CB-4577-B0E4-B13F86E97407}.Release|x86.Build.0 = Release|Any CPU
	EndGlobalSection
EndGlobal
